
Microsoft Visual Studio Solution File, Format Version 12.00
# Visual Studio Version 17
VisualStudioVersion = 17.2.32516.85
MinimumVisualStudioVersion = 10.0.40219.1
Project("{8BC9CEB8-8B4A-11D0-8D11-00A0C91BC942}") = "Library", "Lab7.vcxproj", "{F6500535-6782-48AF-9931-EA78FB453A89}"
EndProject
Project("{8BC9CEB8-8B4A-11D0-8D11-00A0C91BC942}") = "Lab7_exe", "..\Lab7_exe\Lab7_exe.vcxproj", "{716486FB-8E49-4F2B-9779-70E6E7CE846E}"
EndProject
Global
	GlobalSection(SolutionConfigurationPlatforms) = preSolution
		Debug|x64 = Debug|x64
		Debug|x86 = Debug|x86
		Release|x64 = Release|x64
		Release|x86 = Release|x86
	EndGlobalSection
	GlobalSection(ProjectConfigurationPlatforms) = postSolution
		{F6500535-6782-48AF-9931-EA78FB453A89}.Debug|x64.ActiveCfg = Debug|x64
		{F6500535-6782-48AF-9931-EA78FB453A89}.Debug|x64.Build.0 = Debug|x64
		{F6500535-6782-48AF-9931-EA78FB453A89}.Debug|x86.ActiveCfg = Debug|Win32
		{F6500535-6782-48AF-9931-EA78FB453A89}.Debug|x86.Build.0 = Debug|Win32
		{F6500535-6782-48AF-9931-EA78FB453A89}.Release|x64.ActiveCfg = Release|x64
		{F6500535-6782-48AF-9931-EA78FB453A89}.Release|x64.Build.0 = Release|x64
		{F6500535-6782-48AF-9931-EA78FB453A89}.Release|x86.ActiveCfg = Release|Win32
		{F6500535-6782-48AF-9931-EA78FB453A89}.Release|x86.Build.0 = Release|Win32
		{716486FB-8E49-4F2B-9779-70E6E7CE846E}.Debug|x64.ActiveCfg = Debug|x64
		{716486FB-8E49-4F2B-9779-70E6E7CE846E}.Debug|x64.Build.0 = Debug|x64
		{716486FB-8E49-4F2B-9779-70E6E7CE846E}.Debug|x86.ActiveCfg = Debug|Win32
		{716486FB-8E49-4F2B-9779-70E6E7CE846E}.Debug|x86.Build.0 = Debug|Win32
		{716486FB-8E49-4F2B-9779-70E6E7CE846E}.Release|x64.ActiveCfg = Release|x64
		{716486FB-8E49-4F2B-9779-70E6E7CE846E}.Release|x64.Build.0 = Release|x64
		{716486FB-8E49-4F2B-9779-70E6E7CE846E}.Release|x86.ActiveCfg = Release|Win32
		{716486FB-8E49-4F2B-9779-70E6E7CE846E}.Release|x86.Build.0 = Release|Win32
	EndGlobalSection
	GlobalSection(SolutionProperties) = preSolution
		HideSolutionNode = FALSE
	EndGlobalSection
	GlobalSection(ExtensibilityGlobals) = postSolution
		SolutionGuid = {22C4E275-F6AB-4247-8D08-12280DAC8A3F}
	EndGlobalSection
EndGlobal
